// !$*UTF8*$!
{
	archiveVersion = 1;
	classes = {
	};
	objectVersion = 55;
	objects = {

/* Begin PBXBuildFile section */
		38018C8528674B520032226B /* AppDelegate.swift in Sources */ = {isa = PBXBuildFile; fileRef = 38018C8428674B520032226B /* AppDelegate.swift */; };
		38018C8C28674B520032226B /* Main.storyboard in Resources */ = {isa = PBXBuildFile; fileRef = 38018C8A28674B520032226B /* Main.storyboard */; };
		38018C8E28674B530032226B /* Assets.xcassets in Resources */ = {isa = PBXBuildFile; fileRef = 38018C8D28674B530032226B /* Assets.xcassets */; };
		38018C9128674B530032226B /* LaunchScreen.storyboard in Resources */ = {isa = PBXBuildFile; fileRef = 38018C8F28674B530032226B /* LaunchScreen.storyboard */; };
		38018CB628674C3E0032226B /* LoginViewController.swift in Sources */ = {isa = PBXBuildFile; fileRef = 38018CB428674C3E0032226B /* LoginViewController.swift */; };
		38018CB728674C3E0032226B /* LoginViewController.xib in Resources */ = {isa = PBXBuildFile; fileRef = 38018CB528674C3E0032226B /* LoginViewController.xib */; };
		38018CBA28677C2B0032226B /* HomeViewController.swift in Sources */ = {isa = PBXBuildFile; fileRef = 38018CB828677C2B0032226B /* HomeViewController.swift */; };
		38018CBB28677C2B0032226B /* HomeViewController.xib in Resources */ = {isa = PBXBuildFile; fileRef = 38018CB928677C2B0032226B /* HomeViewController.xib */; };
/* End PBXBuildFile section */

/* Begin PBXContainerItemProxy section */
		38018C9828674B540032226B /* PBXContainerItemProxy */ = {
			isa = PBXContainerItemProxy;
			containerPortal = 38018C7928674B520032226B /* Project object */;
			proxyType = 1;
			remoteGlobalIDString = 38018C8028674B520032226B;
			remoteInfo = LoginPractice;
		};
		38018CA228674B540032226B /* PBXContainerItemProxy */ = {
			isa = PBXContainerItemProxy;
			containerPortal = 38018C7928674B520032226B /* Project object */;
			proxyType = 1;
			remoteGlobalIDString = 38018C8028674B520032226B;
			remoteInfo = LoginPractice;
		};
/* End PBXContainerItemProxy section */

/* Begin PBXFileReference section */
		38018C8128674B520032226B /* LoginPractice.app */ = {isa = PBXFileReference; explicitFileType = wrapper.application; includeInIndex = 0; path = LoginPractice.app; sourceTree = BUILT_PRODUCTS_DIR; };
		38018C8428674B520032226B /* AppDelegate.swift */ = {isa = PBXFileReference; lastKnownFileType = sourcecode.swift; path = AppDelegate.swift; sourceTree = "<group>"; };
		38018C8B28674B520032226B /* Base */ = {isa = PBXFileReference; lastKnownFileType = file.storyboard; name = Base; path = Base.lproj/Main.storyboard; sourceTree = "<group>"; };
		38018C8D28674B530032226B /* Assets.xcassets */ = {isa = PBXFileReference; lastKnownFileType = folder.assetcatalog; path = Assets.xcassets; sourceTree = "<group>"; };
		38018C9028674B530032226B /* Base */ = {isa = PBXFileReference; lastKnownFileType = file.storyboard; name = Base; path = Base.lproj/LaunchScreen.storyboard; sourceTree = "<group>"; };
		38018C9228674B530032226B /* Info.plist */ = {isa = PBXFileReference; lastKnownFileType = text.plist.xml; path = Info.plist; sourceTree = "<group>"; };
		38018C9728674B540032226B /* LoginPracticeTests.xctest */ = {isa = PBXFileReference; explicitFileType = wrapper.cfbundle; includeInIndex = 0; path = LoginPracticeTests.xctest; sourceTree = BUILT_PRODUCTS_DIR; };
		38018CA128674B540032226B /* LoginPracticeUITests.xctest */ = {isa = PBXFileReference; explicitFileType = wrapper.cfbundle; includeInIndex = 0; path = LoginPracticeUITests.xctest; sourceTree = BUILT_PRODUCTS_DIR; };
		38018CB428674C3E0032226B /* LoginViewController.swift */ = {isa = PBXFileReference; lastKnownFileType = sourcecode.swift; path = LoginViewController.swift; sourceTree = "<group>"; };
		38018CB528674C3E0032226B /* LoginViewController.xib */ = {isa = PBXFileReference; lastKnownFileType = file.xib; path = LoginViewController.xib; sourceTree = "<group>"; };
		38018CB828677C2B0032226B /* HomeViewController.swift */ = {isa = PBXFileReference; lastKnownFileType = sourcecode.swift; path = HomeViewController.swift; sourceTree = "<group>"; };
		38018CB928677C2B0032226B /* HomeViewController.xib */ = {isa = PBXFileReference; lastKnownFileType = file.xib; path = HomeViewController.xib; sourceTree = "<group>"; };
/* End PBXFileReference section */

/* Begin PBXFrameworksBuildPhase section */
		38018C7E28674B520032226B /* Frameworks */ = {
			isa = PBXFrameworksBuildPhase;
			buildActionMask = 2147483647;
			files = (
			);
			runOnlyForDeploymentPostprocessing = 0;
		};
		38018C9428674B540032226B /* Frameworks */ = {
			isa = PBXFrameworksBuildPhase;
			buildActionMask = 2147483647;
			files = (
			);
			runOnlyForDeploymentPostprocessing = 0;
		};
		38018C9E28674B540032226B /* Frameworks */ = {
			isa = PBXFrameworksBuildPhase;
			buildActionMask = 2147483647;
			files = (
			);
			runOnlyForDeploymentPostprocessing = 0;
		};
/* End PBXFrameworksBuildPhase section */

/* Begin PBXGroup section */
		38018C7828674B520032226B = {
			isa = PBXGroup;
			children = (
				38018C8328674B520032226B /* LoginPractice */,
				38018C8228674B520032226B /* Products */,
			);
			sourceTree = "<group>";
		};
		38018C8228674B520032226B /* Products */ = {
			isa = PBXGroup;
			children = (
				38018C8128674B520032226B /* LoginPractice.app */,
				38018C9728674B540032226B /* LoginPracticeTests.xctest */,
				38018CA128674B540032226B /* LoginPracticeUITests.xctest */,
			);
			name = Products;
			sourceTree = "<group>";
		};
		38018C8328674B520032226B /* LoginPractice */ = {
			isa = PBXGroup;
			children = (
				38018C8428674B520032226B /* AppDelegate.swift */,
				38018C8A28674B520032226B /* Main.storyboard */,
				38018C8D28674B530032226B /* Assets.xcassets */,
				38018C8F28674B530032226B /* LaunchScreen.storyboard */,
				38018C9228674B530032226B /* Info.plist */,
				38018CB428674C3E0032226B /* LoginViewController.swift */,
				38018CB528674C3E0032226B /* LoginViewController.xib */,
				38018CB828677C2B0032226B /* HomeViewController.swift */,
				38018CB928677C2B0032226B /* HomeViewController.xib */,
			);
			path = LoginPractice;
			sourceTree = "<group>";
		};
/* End PBXGroup section */

/* Begin PBXNativeTarget section */
		38018C8028674B520032226B /* LoginPractice */ = {
			isa = PBXNativeTarget;
			buildConfigurationList = 38018CAB28674B540032226B /* Build configuration list for PBXNativeTarget "LoginPractice" */;
			buildPhases = (
				38018C7D28674B520032226B /* Sources */,
				38018C7E28674B520032226B /* Frameworks */,
				38018C7F28674B520032226B /* Resources */,
			);
			buildRules = (
			);
			dependencies = (
			);
			name = LoginPractice;
			productName = LoginPractice;
			productReference = 38018C8128674B520032226B /* LoginPractice.app */;
			productType = "com.apple.product-type.application";
		};
		38018C9628674B540032226B /* LoginPracticeTests */ = {
			isa = PBXNativeTarget;
			buildConfigurationList = 38018CAE28674B540032226B /* Build configuration list for PBXNativeTarget "LoginPracticeTests" */;
			buildPhases = (
				38018C9328674B540032226B /* Sources */,
				38018C9428674B540032226B /* Frameworks */,
				38018C9528674B540032226B /* Resources */,
			);
			buildRules = (
			);
			dependencies = (
				38018C9928674B540032226B /* PBXTargetDependency */,
			);
			name = LoginPracticeTests;
			productName = LoginPracticeTests;
			productReference = 38018C9728674B540032226B /* LoginPracticeTests.xctest */;
			productType = "com.apple.product-type.bundle.unit-test";
		};
		38018CA028674B540032226B /* LoginPracticeUITests */ = {
			isa = PBXNativeTarget;
			buildConfigurationList = 38018CB128674B540032226B /* Build configuration list for PBXNativeTarget "LoginPracticeUITests" */;
			buildPhases = (
				38018C9D28674B540032226B /* Sources */,
				38018C9E28674B540032226B /* Frameworks */,
				38018C9F28674B540032226B /* Resources */,
			);
			buildRules = (
			);
			dependencies = (
				38018CA328674B540032226B /* PBXTargetDependency */,
			);
			name = LoginPracticeUITests;
			productName = LoginPracticeUITests;
			productReference = 38018CA128674B540032226B /* LoginPracticeUITests.xctest */;
			productType = "com.apple.product-type.bundle.ui-testing";
		};
/* End PBXNativeTarget section */

/* Begin PBXProject section */
		38018C7928674B520032226B /* Project object */ = {
			isa = PBXProject;
			attributes = {
				BuildIndependentTargetsInParallel = 1;
				LastSwiftUpdateCheck = 1340;
				LastUpgradeCheck = 1340;
				TargetAttributes = {
					38018C8028674B520032226B = {
						CreatedOnToolsVersion = 13.4.1;
					};
					38018C9628674B540032226B = {
						CreatedOnToolsVersion = 13.4.1;
						TestTargetID = 38018C8028674B520032226B;
					};
					38018CA028674B540032226B = {
						CreatedOnToolsVersion = 13.4.1;
						TestTargetID = 38018C8028674B520032226B;
					};
				};
			};
			buildConfigurationList = 38018C7C28674B520032226B /* Build configuration list for PBXProject "LoginPractice" */;
			compatibilityVersion = "Xcode 13.0";
			developmentRegion = en;
			hasScannedForEncodings = 0;
			knownRegions = (
				en,
				Base,
			);
			mainGroup = 38018C7828674B520032226B;
			productRefGroup = 38018C8228674B520032226B /* Products */;
			projectDirPath = "";
			projectRoot = "";
			targets = (
				38018C8028674B520032226B /* LoginPractice */,
				38018C9628674B540032226B /* LoginPracticeTests */,
				38018CA028674B540032226B /* LoginPracticeUITests */,
			);
		};
/* End PBXProject section */

/* Begin PBXResourcesBuildPhase section */
		38018C7F28674B520032226B /* Resources */ = {
			isa = PBXResourcesBuildPhase;
			buildActionMask = 2147483647;
			files = (
				38018CB728674C3E0032226B /* LoginViewController.xib in Resources */,
				38018C9128674B530032226B /* LaunchScreen.storyboard in Resources */,
				38018CBB28677C2B0032226B /* HomeViewController.xib in Resources */,
				38018C8E28674B530032226B /* Assets.xcassets in Resources */,
				38018C8C28674B520032226B /* Main.storyboard in Resources */,
			);
			runOnlyForDeploymentPostprocessing = 0;
		};
		38018C9528674B540032226B /* Resources */ = {
			isa = PBXResourcesBuildPhase;
			buildActionMask = 2147483647;
			files = (
			);
			runOnlyForDeploymentPostprocessing = 0;
		};
		38018C9F28674B540032226B /* Resources */ = {
			isa = PBXResourcesBuildPhase;
			buildActionMask = 2147483647;
			files = (
			);
			runOnlyForDeploymentPostprocessing = 0;
		};
/* End PBXResourcesBuildPhase section */

/* Begin PBXSourcesBuildPhase section */
		38018C7D28674B520032226B /* Sources */ = {
			isa = PBXSourcesBuildPhase;
			buildActionMask = 2147483647;
			files = (
				38018CB628674C3E0032226B /* LoginViewController.swift in Sources */,
				38018C8528674B520032226B /* AppDelegate.swift in Sources */,
				38018CBA28677C2B0032226B /* HomeViewController.swift in Sources */,
			);
			runOnlyForDeploymentPostprocessing = 0;
		};
		38018C9328674B540032226B /* Sources */ = {
			isa = PBXSourcesBuildPhase;
			buildActionMask = 2147483647;
			files = (
			);
			runOnlyForDeploymentPostprocessing = 0;
		};
		38018C9D28674B540032226B /* Sources */ = {
			isa = PBXSourcesBuildPhase;
			buildActionMask = 2147483647;
			files = (
			);
			runOnlyForDeploymentPostprocessing = 0;
		};
/* End PBXSourcesBuildPhase section */

/* Begin PBXTargetDependency section */
		38018C9928674B540032226B /* PBXTargetDependency */ = {
			isa = PBXTargetDependency;
			target = 38018C8028674B520032226B /* LoginPractice */;
			targetProxy = 38018C9828674B540032226B /* PBXContainerItemProxy */;
		};
		38018CA328674B540032226B /* PBXTargetDependency */ = {
			isa = PBXTargetDependency;
			target = 38018C8028674B520032226B /* LoginPractice */;
			targetProxy = 38018CA228674B540032226B /* PBXContainerItemProxy */;
		};
/* End PBXTargetDependency section */

/* Begin PBXVariantGroup section */
		38018C8A28674B520032226B /* Main.storyboard */ = {
			isa = PBXVariantGroup;
			children = (
				38018C8B28674B520032226B /* Base */,
			);
			name = Main.storyboard;
			sourceTree = "<group>";
		};
		38018C8F28674B530032226B /* LaunchScreen.storyboard */ = {
			isa = PBXVariantGroup;
			children = (
				38018C9028674B530032226B /* Base */,
			);
			name = LaunchScreen.storyboard;
			sourceTree = "<group>";
		};
/* End PBXVariantGroup section */

/* Begin XCBuildConfiguration section */
		38018CA928674B540032226B /* Debug */ = {
			isa = XCBuildConfiguration;
			buildSettings = {
				ALWAYS_SEARCH_USER_PATHS = NO;
				CLANG_ANALYZER_NONNULL = YES;
				CLANG_ANALYZER_NUMBER_OBJECT_CONVERSION = YES_AGGRESSIVE;
				CLANG_CXX_LANGUAGE_STANDARD = "gnu++17";
				CLANG_ENABLE_MODULES = YES;
				CLANG_ENABLE_OBJC_ARC = YES;
				CLANG_ENABLE_OBJC_WEAK = YES;
				CLANG_WARN_BLOCK_CAPTURE_AUTORELEASING = YES;
				CLANG_WARN_BOOL_CONVERSION = YES;
				CLANG_WARN_COMMA = YES;
				CLANG_WARN_CONSTANT_CONVERSION = YES;
				CLANG_WARN_DEPRECATED_OBJC_IMPLEMENTATIONS = YES;
				CLANG_WARN_DIRECT_OBJC_ISA_USAGE = YES_ERROR;
				CLANG_WARN_DOCUMENTATION_COMMENTS = YES;
				CLANG_WARN_EMPTY_BODY = YES;
				CLANG_WARN_ENUM_CONVERSION = YES;
				CLANG_WARN_INFINITE_RECURSION = YES;
				CLANG_WARN_INT_CONVERSION = YES;
				CLANG_WARN_NON_LITERAL_NULL_CONVERSION = YES;
				CLANG_WARN_OBJC_IMPLICIT_RETAIN_SELF = YES;
				CLANG_WARN_OBJC_LITERAL_CONVERSION = YES;
				CLANG_WARN_OBJC_ROOT_CLASS = YES_ERROR;
				CLANG_WARN_QUOTED_INCLUDE_IN_FRAMEWORK_HEADER = YES;
				CLANG_WARN_RANGE_LOOP_ANALYSIS = YES;
				CLANG_WARN_STRICT_PROTOTYPES = YES;
				CLANG_WARN_SUSPICIOUS_MOVE = YES;
				CLANG_WARN_UNGUARDED_AVAILABILITY = YES_AGGRESSIVE;
				CLANG_WARN_UNREACHABLE_CODE = YES;
				CLANG_WARN__DUPLICATE_METHOD_MATCH = YES;
				COPY_PHASE_STRIP = NO;
				DEBUG_INFORMATION_FORMAT = dwarf;
				ENABLE_STRICT_OBJC_MSGSEND = YES;
				ENABLE_TESTABILITY = YES;
				GCC_C_LANGUAGE_STANDARD = gnu11;
				GCC_DYNAMIC_NO_PIC = NO;
				GCC_NO_COMMON_BLOCKS = YES;
				GCC_OPTIMIZATION_LEVEL = 0;
				GCC_PREPROCESSOR_DEFINITIONS = (
					"DEBUG=1",
					"$(inherited)",
				);
				GCC_WARN_64_TO_32_BIT_CONVERSION = YES;
				GCC_WARN_ABOUT_RETURN_TYPE = YES_ERROR;
				GCC_WARN_UNDECLARED_SELECTOR = YES;
				GCC_WARN_UNINITIALIZED_AUTOS = YES_AGGRESSIVE;
				GCC_WARN_UNUSED_FUNCTION = YES;
				GCC_WARN_UNUSED_VARIABLE = YES;
				IPHONEOS_DEPLOYMENT_TARGET = 15.5;
				MTL_ENABLE_DEBUG_INFO = INCLUDE_SOURCE;
				MTL_FAST_MATH = YES;
				ONLY_ACTIVE_ARCH = YES;
				SDKROOT = iphoneos;
				SWIFT_ACTIVE_COMPILATION_CONDITIONS = DEBUG;
				SWIFT_OPTIMIZATION_LEVEL = "-Onone";
			};
			name = Debug;
		};
		38018CAA28674B540032226B /* Release */ = {
			isa = XCBuildConfiguration;
			buildSettings = {
				ALWAYS_SEARCH_USER_PATHS = NO;
				CLANG_ANALYZER_NONNULL = YES;
				CLANG_ANALYZER_NUMBER_OBJECT_CONVERSION = YES_AGGRESSIVE;
				CLANG_CXX_LANGUAGE_STANDARD = "gnu++17";
				CLANG_ENABLE_MODULES = YES;
				CLANG_ENABLE_OBJC_ARC = YES;
				CLANG_ENABLE_OBJC_WEAK = YES;
				CLANG_WARN_BLOCK_CAPTURE_AUTORELEASING = YES;
				CLANG_WARN_BOOL_CONVERSION = YES;
				CLANG_WARN_COMMA = YES;
				CLANG_WARN_CONSTANT_CONVERSION = YES;
				CLANG_WARN_DEPRECATED_OBJC_IMPLEMENTATIONS = YES;
				CLANG_WARN_DIRECT_OBJC_ISA_USAGE = YES_ERROR;
				CLANG_WARN_DOCUMENTATION_COMMENTS = YES;
				CLANG_WARN_EMPTY_BODY = YES;
				CLANG_WARN_ENUM_CONVERSION = YES;
				CLANG_WARN_INFINITE_RECURSION = YES;
				CLANG_WARN_INT_CONVERSION = YES;
				CLANG_WARN_NON_LITERAL_NULL_CONVERSION = YES;
				CLANG_WARN_OBJC_IMPLICIT_RETAIN_SELF = YES;
				CLANG_WARN_OBJC_LITERAL_CONVERSION = YES;
				CLANG_WARN_OBJC_ROOT_CLASS = YES_ERROR;
				CLANG_WARN_QUOTED_INCLUDE_IN_FRAMEWORK_HEADER = YES;
				CLANG_WARN_RANGE_LOOP_ANALYSIS = YES;
				CLANG_WARN_STRICT_PROTOTYPES = YES;
				CLANG_WARN_SUSPICIOUS_MOVE = YES;
				CLANG_WARN_UNGUARDED_AVAILABILITY = YES_AGGRESSIVE;
				CLANG_WARN_UNREACHABLE_CODE = YES;
				CLANG_WARN__DUPLICATE_METHOD_MATCH = YES;
				COPY_PHASE_STRIP = NO;
				DEBUG_INFORMATION_FORMAT = "dwarf-with-dsym";
				ENABLE_NS_ASSERTIONS = NO;
				ENABLE_STRICT_OBJC_MSGSEND = YES;
				GCC_C_LANGUAGE_STANDARD = gnu11;
				GCC_NO_COMMON_BLOCKS = YES;
				GCC_WARN_64_TO_32_BIT_CONVERSION = YES;
				GCC_WARN_ABOUT_RETURN_TYPE = YES_ERROR;
				GCC_WARN_UNDECLARED_SELECTOR = YES;
				GCC_WARN_UNINITIALIZED_AUTOS = YES_AGGRESSIVE;
				GCC_WARN_UNUSED_FUNCTION = YES;
				GCC_WARN_UNUSED_VARIABLE = YES;
				IPHONEOS_DEPLOYMENT_TARGET = 15.5;
				MTL_ENABLE_DEBUG_INFO = NO;
				MTL_FAST_MATH = YES;
				SDKROOT = iphoneos;
				SWIFT_COMPILATION_MODE = wholemodule;
				SWIFT_OPTIMIZATION_LEVEL = "-O";
				VALIDATE_PRODUCT = YES;
			};
			name = Release;
		};
		38018CAC28674B540032226B /* Debug */ = {
			isa = XCBuildConfiguration;
			buildSettings = {
				ASSETCATALOG_COMPILER_APPICON_NAME = AppIcon;
				ASSETCATALOG_COMPILER_GLOBAL_ACCENT_COLOR_NAME = AccentColor;
				CODE_SIGN_STYLE = Automatic;
				CURRENT_PROJECT_VERSION = 1;
				GENERATE_INFOPLIST_FILE = YES;
				INFOPLIST_FILE = LoginPractice/Info.plist;
				INFOPLIST_KEY_UIApplicationSupportsIndirectInputEvents = YES;
				INFOPLIST_KEY_UILaunchStoryboardName = LaunchScreen;
				INFOPLIST_KEY_UISupportedInterfaceOrientations_iPad = "UIInterfaceOrientationPortrait UIInterfaceOrientationPortraitUpsideDown UIInterfaceOrientationLandscapeLeft UIInterfaceOrientationLandscapeRight";
				INFOPLIST_KEY_UISupportedInterfaceOrientations_iPhone = "UIInterfaceOrientationPortrait UIInterfaceOrientationLandscapeLeft UIInterfaceOrientationLandscapeRight";
				LD_RUNPATH_SEARCH_PATHS = (
					"$(inherited)",
					"@executable_path/Frameworks",
				);
				MARKETING_VERSION = 1.0;
				PRODUCT_BUNDLE_IDENTIFIER = com.luongtran.LoginPractice;
				PRODUCT_NAME = "$(TARGET_NAME)";
				SWIFT_EMIT_LOC_STRINGS = YES;
				SWIFT_VERSION = 5.0;
				TARGETED_DEVICE_FAMILY = "1,2";
			};
			name = Debug;
		};
		38018CAD28674B540032226B /* Release */ = {
			isa = XCBuildConfiguration;
			buildSettings = {
				ASSETCATALOG_COMPILER_APPICON_NAME = AppIcon;
				ASSETCATALOG_COMPILER_GLOBAL_ACCENT_COLOR_NAME = AccentColor;
				CODE_SIGN_STYLE = Automatic;
				CURRENT_PROJECT_VERSION = 1;
				GENERATE_INFOPLIST_FILE = YES;
				INFOPLIST_FILE = LoginPractice/Info.plist;
				INFOPLIST_KEY_UIApplicationSupportsIndirectInputEvents = YES;
				INFOPLIST_KEY_UILaunchStoryboardName = LaunchScreen;
				INFOPLIST_KEY_UISupportedInterfaceOrientations_iPad = "UIInterfaceOrientationPortrait UIInterfaceOrientationPortraitUpsideDown UIInterfaceOrientationLandscapeLeft UIInterfaceOrientationLandscapeRight";
				INFOPLIST_KEY_UISupportedInterfaceOrientations_iPhone = "UIInterfaceOrientationPortrait UIInterfaceOrientationLandscapeLeft UIInterfaceOrientationLandscapeRight";
				LD_RUNPATH_SEARCH_PATHS = (
					"$(inherited)",
					"@executable_path/Frameworks",
				);
				MARKETING_VERSION = 1.0;
				PRODUCT_BUNDLE_IDENTIFIER = com.luongtran.LoginPractice;
				PRODUCT_NAME = "$(TARGET_NAME)";
				SWIFT_EMIT_LOC_STRINGS = YES;
				SWIFT_VERSION = 5.0;
				TARGETED_DEVICE_FAMILY = "1,2";
			};
			name = Release;
		};
		38018CAF28674B540032226B /* Debug */ = {
			isa = XCBuildConfiguration;
			buildSettings = {
				ALWAYS_EMBED_SWIFT_STANDARD_LIBRARIES = YES;
				BUNDLE_LOADER = "$(TEST_HOST)";
				CODE_SIGN_STYLE = Automatic;
				CURRENT_PROJECT_VERSION = 1;
				GENERATE_INFOPLIST_FILE = YES;
				IPHONEOS_DEPLOYMENT_TARGET = 15.5;
				MARKETING_VERSION = 1.0;
				PRODUCT_BUNDLE_IDENTIFIER = com.luongtran.LoginPracticeTests;
				PRODUCT_NAME = "$(TARGET_NAME)";
				SWIFT_EMIT_LOC_STRINGS = NO;
				SWIFT_VERSION = 5.0;
				TARGETED_DEVICE_FAMILY = "1,2";
				TEST_HOST = "$(BUILT_PRODUCTS_DIR)/LoginPractice.app/LoginPractice";
			};
			name = Debug;
		};
		38018CB028674B540032226B /* Release */ = {
			isa = XCBuildConfiguration;
			buildSettings = {
				ALWAYS_EMBED_SWIFT_STANDARD_LIBRARIES = YES;
				BUNDLE_LOADER = "$(TEST_HOST)";
				CODE_SIGN_STYLE = Automatic;
				CURRENT_PROJECT_VERSION = 1;
				GENERATE_INFOPLIST_FILE = YES;
				IPHONEOS_DEPLOYMENT_TARGET = 15.5;
				MARKETING_VERSION = 1.0;
				PRODUCT_BUNDLE_IDENTIFIER = com.luongtran.LoginPracticeTests;
				PRODUCT_NAME = "$(TARGET_NAME)";
				SWIFT_EMIT_LOC_STRINGS = NO;
				SWIFT_VERSION = 5.0;
				TARGETED_DEVICE_FAMILY = "1,2";
				TEST_HOST = "$(BUILT_PRODUCTS_DIR)/LoginPractice.app/LoginPractice";
			};
			name = Release;
		};
		38018CB228674B540032226B /* Debug */ = {
			isa = XCBuildConfiguration;
			buildSettings = {
				ALWAYS_EMBED_SWIFT_STANDARD_LIBRARIES = YES;
				CODE_SIGN_STYLE = Automatic;
				CURRENT_PROJECT_VERSION = 1;
				GENERATE_INFOPLIST_FILE = YES;
				MARKETING_VERSION = 1.0;
				PRODUCT_BUNDLE_IDENTIFIER = com.luongtran.LoginPracticeUITests;
				PRODUCT_NAME = "$(TARGET_NAME)";
				SWIFT_EMIT_LOC_STRINGS = NO;
				SWIFT_VERSION = 5.0;
				TARGETED_DEVICE_FAMILY = "1,2";
				TEST_TARGET_NAME = LoginPractice;
			};
			name = Debug;
		};
		38018CB328674B540032226B /* Release */ = {
			isa = XCBuildConfiguration;
			buildSettings = {
				ALWAYS_EMBED_SWIFT_STANDARD_LIBRARIES = YES;
				CODE_SIGN_STYLE = Automatic;
				CURRENT_PROJECT_VERSION = 1;
				GENERATE_INFOPLIST_FILE = YES;
				MARKETING_VERSION = 1.0;
				PRODUCT_BUNDLE_IDENTIFIER = com.luongtran.LoginPracticeUITests;
				PRODUCT_NAME = "$(TARGET_NAME)";
				SWIFT_EMIT_LOC_STRINGS = NO;
				SWIFT_VERSION = 5.0;
				TARGETED_DEVICE_FAMILY = "1,2";
				TEST_TARGET_NAME = LoginPractice;
			};
			name = Release;
		};
/* End XCBuildConfiguration section */

/* Begin XCConfigurationList section */
		38018C7C28674B520032226B /* Build configuration list for PBXProject "LoginPractice" */ = {
			isa = XCConfigurationList;
			buildConfigurations = (
				38018CA928674B540032226B /* Debug */,
				38018CAA28674B540032226B /* Release */,
			);
			defaultConfigurationIsVisible = 0;
			defaultConfigurationName = Release;
		};
		38018CAB28674B540032226B /* Build configuration list for PBXNativeTarget "LoginPractice" */ = {
			isa = XCConfigurationList;
			buildConfigurations = (
				38018CAC28674B540032226B /* Debug */,
				38018CAD28674B540032226B /* Release */,
			);
			defaultConfigurationIsVisible = 0;
			defaultConfigurationName = Release;
		};
		38018CAE28674B540032226B /* Build configuration list for PBXNativeTarget "LoginPracticeTests" */ = {
			isa = XCConfigurationList;
			buildConfigurations = (
				38018CAF28674B540032226B /* Debug */,
				38018CB028674B540032226B /* Release */,
			);
			defaultConfigurationIsVisible = 0;
			defaultConfigurationName = Release;
		};
		38018CB128674B540032226B /* Build configuration list for PBXNativeTarget "LoginPracticeUITests" */ = {
			isa = XCConfigurationList;
			buildConfigurations = (
				38018CB228674B540032226B /* Debug */,
				38018CB328674B540032226B /* Release */,
			);
			defaultConfigurationIsVisible = 0;
			defaultConfigurationName = Release;
		};
/* End XCConfigurationList section */
	};
	rootObject = 38018C7928674B520032226B /* Project object */;
}
